version = 1
revision = 3
requires-python = ">=3.8"
resolution-markers = [
    "python_full_version >= '3.10'",
    "python_full_version == '3.9.*'",
    "python_full_version < '3.9'",
]

[[package]]
name = "boto3"
version = "1.34.0"
source = { registry = "https://pypi.org/simple" }
dependencies = [
    { name = "botocore" },
    { name = "jmespath" },
    { name = "s3transfer" },
]
sdist = { url = "https://files.pythonhosted.org/packages/d9/68/90feb74f486305c703d323308a4759006631b890d9357b6dd11ebf251908/boto3-1.34.0.tar.gz", hash = "sha256:c9b400529932ed4652304756528ab235c6730aa5d00cb4d9e4848ce460c82c16", size = 108366, upload-time = "2023-12-13T20:58:51.45Z" }
wheels = [
    { url = "https://files.pythonhosted.org/packages/b7/53/566ed4ae3207fe012c8d57b30e95f2a89b90e9f2efa03408cdfe0773e318/boto3-1.34.0-py3-none-any.whl", hash = "sha256:8b3c4d4e720c0ad706590c284b8f30c76de3472c1ce1bac610425f99bf6ab53b", size = 139304, upload-time = "2023-12-13T20:58:40.639Z" },
]

[[package]]
name = "botocore"
version = "1.34.162"
source = { registry = "https://pypi.org/simple" }
dependencies = [
    { name = "jmespath" },
    { name = "python-dateutil" },
    { name = "urllib3", version = "1.26.20", source = { registry = "https://pypi.org/simple" }, marker = "python_full_version < '3.10'" },
    { name = "urllib3", version = "2.6.2", source = { registry = "https://pypi.org/simple" }, marker = "python_full_version >= '3.10'" },
]
sdist = { url = "https://files.pythonhosted.org/packages/22/de/17d672eac6725da49bd5832e3bd2f74c4d212311cd393fd56b59f51a4e86/botocore-1.34.162.tar.gz", hash = "sha256:adc23be4fb99ad31961236342b7cbf3c0bfc62532cd02852196032e8c0d682f3", size = 12676693, upload-time = "2024-08-15T19:25:25.162Z" }
wheels = [
    { url = "https://files.pythonhosted.org/packages/bc/47/e35f788047c91110f48703a6254e5c84e33111b3291f7b57a653ca00accf/botocore-1.34.162-py3-none-any.whl", hash = "sha256:2d918b02db88d27a75b48275e6fb2506e9adaaddbec1ffa6a8a0898b34e769be", size = 12468049, upload-time = "2024-08-15T19:25:18.301Z" },
]

[[package]]
name = "databricks-docker"
version = "0.1.0"
source = { virtual = "." }
dependencies = [
    { name = "boto3" },
    { name = "delta-spark" },
    { name = "psycopg2-binary" },
    { name = "pyspark" },
    { name = "python-dotenv" },
]

[package.metadata]
requires-dist = [
    { name = "boto3", specifier = "==1.34.0" },
    { name = "delta-spark", specifier = "==3.2.0" },
    { name = "psycopg2-binary", specifier = "==2.9.9" },
    { name = "pyspark", specifier = "==3.5.2" },
    { name = "python-dotenv", specifier = "==1.0.0" },
]

[[package]]
name = "delta-spark"
version = "3.2.0"
source = { registry = "https://pypi.org/simple" }
dependencies = [
    { name = "importlib-metadata", version = "8.5.0", source = { registry = "https://pypi.org/simple" }, marker = "python_full_version < '3.9'" },
    { name = "importlib-metadata", version = "8.7.1", source = { registry = "https://pypi.org/simple" }, marker = "python_full_version >= '3.9'" },
    { name = "pyspark" },
]
sdist = { url = "https://files.pythonhosted.org/packages/38/06/a64cc4e17fe959cf60dc126bf3283fc9f22fc91f000b7f3f5e465338022d/delta-spark-3.2.0.tar.gz", hash = "sha256:641967828e47c64805f8c746513da80bea24b5f19b069cdcf64561cd3692e11d", size = 22147, upload-time = "2024-05-09T17:26:10.754Z" }
wheels = [
    { url = "https://files.pythonhosted.org/packages/3c/8e/bb778f5049aa371bf80a7a781b237eb10ef104f8736fe00d25fcfee80c2b/delta_spark-3.2.0-py3-none-any.whl", hash = "sha256:c4ff3fa7218e58a702cb71eb64384b0005c4d6f0bbdd0fe0b38a53564d946e09", size = 21186, upload-time = "2024-05-09T17:26:09.544Z" },
]

[[package]]
name = "importlib-metadata"
version = "8.5.0"
source = { registry = "https://pypi.org/simple" }
resolution-markers = [
    "python_full_version < '3.9'",
]
dependencies = [
    { name = "zipp", version = "3.20.2", source = { registry = "https://pypi.org/simple" }, marker = "python_full_version < '3.9'" },
]
sdist = { url = "https://files.pythonhosted.org/packages/cd/12/33e59336dca5be0c398a7482335911a33aa0e20776128f038019f1a95f1b/importlib_metadata-8.5.0.tar.gz", hash = "sha256:71522656f0abace1d072b9e5481a48f07c138e00f079c38c8f883823f9c26bd7", size = 55304, upload-time = "2024-09-11T14:56:08.937Z" }
wheels = [
    { url = "https://files.pythonhosted.org/packages/a0/d9/a1e041c5e7caa9a05c925f4bdbdfb7f006d1f74996af53467bc394c97be7/importlib_metadata-8.5.0-py3-none-any.whl", hash = "sha256:45e54197d28b7a7f1559e60b95e7c567032b602131fbd588f1497f47880aa68b", size = 26514, upload-time = "2024-09-11T14:56:07.019Z" },
]

[[package]]
name = "importlib-metadata"
version = "8.7.1"
source = { registry = "https://pypi.org/simple" }
resolution-markers = [
    "python_full_version >= '3.10'",
    "python_full_version == '3.9.*'",
]
dependencies = [
    { name = "zipp", version = "3.23.0", source = { registry = "https://pypi.org/simple" }, marker = "python_full_version >= '3.9'" },
]
sdist = { url = "https://files.pythonhosted.org/packages/f3/49/3b30cad09e7771a4982d9975a8cbf64f00d4a1ececb53297f1d9a7be1b10/importlib_metadata-8.7.1.tar.gz", hash = "sha256:49fef1ae6440c182052f407c8d34a68f72efc36db9ca90dc0113398f2fdde8bb", size = 57107, upload-time = "2025-12-21T10:00:19.278Z" }
wheels = [
    { url = "https://files.pythonhosted.org/packages/fa/5e/f8e9a1d23b9c20a551a8a02ea3637b4642e22c2626e3a13a9a29cdea99eb/importlib_metadata-8.7.1-py3-none-any.whl", hash = "sha256:5a1f80bf1daa489495071efbb095d75a634cf28a8bc299581244063b53176151", size = 27865, upload-time = "2025-12-21T10:00:18.329Z" },
]

[[package]]
name = "jmespath"
version = "1.0.1"
source = { registry = "https://pypi.org/simple" }
sdist = { url = "https://files.pythonhosted.org/packages/00/2a/e867e8531cf3e36b41201936b7fa7ba7b5702dbef42922193f05c8976cd6/jmespath-1.0.1.tar.gz", hash = "sha256:90261b206d6defd58fdd5e85f478bf633a2901798906be2ad389150c5c60edbe", size = 25843, upload-time = "2022-06-17T18:00:12.224Z" }
wheels = [
    { url = "https://files.pythonhosted.org/packages/31/b4/b9b800c45527aadd64d5b442f9b932b00648617eb5d63d2c7a6587b7cafc/jmespath-1.0.1-py3-none-any.whl", hash = "sha256:02e2e4cc71b5bcab88332eebf907519190dd9e6e82107fa7f83b1003a6252980", size = 20256, upload-time = "2022-06-17T18:00:10.251Z" },
]

[[package]]
name = "psycopg2-binary"
version = "2.9.9"
source = { registry = "https://pypi.org/simple" }
sdist = { url = "https://files.pythonhosted.org/packages/fc/07/e720e53bfab016ebcc34241695ccc06a9e3d91ba19b40ca81317afbdc440/psycopg2-binary-2.9.9.tar.gz", hash = "sha256:7f01846810177d829c7692f1f5ada8096762d9172af1b1a28d4ab5b77c923c1c", size = 384973, upload-time = "2023-10-03T12:48:55.128Z" }
wheels = [
    { url = "https://files.pythonhosted.org/packages/0a/7c/6aaf8c3cb05d86d2c3f407b95bac0c71a43f2718e38c1091972aacb5e1b2/psycopg2_binary-2.9.9-cp310-cp310-macosx_10_9_x86_64.whl", hash = "sha256:c2470da5418b76232f02a2fcd2229537bb2d5a7096674ce61859c3229f2eb202", size = 2822503, upload-time = "2023-10-03T12:45:56.956Z" },
    { url = "https://files.pythonhosted.org/packages/72/3d/acab427845198794aafd963dd073ee35810e2c52606e8a28c12db39821fb/psycopg2_binary-2.9.9-cp310-cp310-macosx_11_0_arm64.whl", hash = "sha256:c6af2a6d4b7ee9615cbb162b0738f6e1fd1f5c3eda7e5da17861eacf4c717ea7", size = 2552645, upload-time = "2023-10-03T12:46:00.447Z" },
    { url = "https://files.pythonhosted.org/packages/ed/be/6c787962d706e55a528ef1693dd7251de657ae60e4d9d767ed61e8e2975c/psycopg2_binary-2.9.9-cp310-cp310-manylinux_2_17_aarch64.manylinux2014_aarch64.whl", hash = "sha256:75723c3c0fbbf34350b46a3199eb50638ab22a0228f93fb472ef4d9becc2382b", size = 2850980, upload-time = "2023-10-03T12:46:02.666Z" },
    { url = "https://files.pythonhosted.org/packages/83/50/a054076c6358753661cd1da59f4dabc03e83d51690371f3fd1edb9e2cf72/psycopg2_binary-2.9.9-cp310-cp310-manylinux_2_17_i686.manylinux2014_i686.whl", hash = "sha256:83791a65b51ad6ee6cf0845634859d69a038ea9b03d7b26e703f94c7e93dbcf9", size = 3080543, upload-time = "2023-10-03T12:46:06.768Z" },
    { url = "https://files.pythonhosted.org/packages/9c/02/826dc5cdfc9515423ec912ba00cc2e4eb09f69e0339b177c9c742f2a09a2/psycopg2_binary-2.9.9-cp310-cp310-manylinux_2_17_ppc64le.manylinux2014_ppc64le.whl", hash = "sha256:0ef4854e82c09e84cc63084a9e4ccd6d9b154f1dbdd283efb92ecd0b5e2b8c84", size = 3264316, upload-time = "2023-10-03T12:46:08.966Z" },
    { url = "https://files.pythonhosted.org/packages/bc/0d/486e3fa27f39a00168abfcf14a3d8444f437f4b755cc34316da1124f293d/psycopg2_binary-2.9.9-cp310-cp310-manylinux_2_17_x86_64.manylinux2014_x86_64.whl", hash = "sha256:ed1184ab8f113e8d660ce49a56390ca181f2981066acc27cf637d5c1e10ce46e", size = 3019508, upload-time = "2023-10-03T12:46:11.576Z" },
    { url = "https://files.pythonhosted.org/packages/41/af/bce37630c525d2b9cf93f930110fc98616d6aca308d59b833b83b3a38176/psycopg2_binary-2.9.9-cp310-cp310-musllinux_1_1_aarch64.whl", hash = "sha256:d2997c458c690ec2bc6b0b7ecbafd02b029b7b4283078d3b32a852a7ce3ddd98", size = 2355821, upload-time = "2023-10-03T12:46:14.864Z" },
    { url = "https://files.pythonhosted.org/packages/3b/76/e46dae1b2273814ef80231f86d59cadf94ec36fd757045ed713c5b75cde7/psycopg2_binary-2.9.9-cp310-cp310-musllinux_1_1_i686.whl", hash = "sha256:b58b4710c7f4161b5e9dcbe73bb7c62d65670a87df7bcce9e1faaad43e715245", size = 2534855, upload-time = "2023-10-03T12:46:17.217Z" },
    { url = "https://files.pythonhosted.org/packages/0e/6d/e97245eabff29d7c2de5fc1fc17cf7ef427beee93d20a5ae114c6e6718bd/psycopg2_binary-2.9.9-cp310-cp310-musllinux_1_1_ppc64le.whl", hash = "sha256:0c009475ee389757e6e34611d75f6e4f05f0cf5ebb76c6037508318e1a1e0d7e", size = 2486614, upload-time = "2023-10-03T12:46:19.877Z" },
    { url = "https://files.pythonhosted.org/packages/70/a7/2cd2c9d5e23b556c11e3b7da41895808d9b056f8f34f50de4375a35b4951/psycopg2_binary-2.9.9-cp310-cp310-musllinux_1_1_x86_64.whl", hash = "sha256:8dbf6d1bc73f1d04ec1734bae3b4fb0ee3cb2a493d35ede9badbeb901fb40f6f", size = 2454928, upload-time = "2023-10-03T12:46:22.908Z" },
    { url = "https://files.pythonhosted.org/packages/63/41/815d19767e2adb1a585213b801c954f46102f305c352c4a4f96287342d44/psycopg2_binary-2.9.9-cp310-cp310-win32.whl", hash = "sha256:3f78fd71c4f43a13d342be74ebbc0666fe1f555b8837eb113cb7416856c79682", size = 1025249, upload-time = "2023-10-03T12:46:24.819Z" },
    { url = "https://files.pythonhosted.org/packages/5e/4c/9233e0e206634a5387f3ab40f334a5325fb8bef2ca4e12ee7dbdeaf96afc/psycopg2_binary-2.9.9-cp310-cp310-win_amd64.whl", hash = "sha256:876801744b0dee379e4e3c38b76fc89f88834bb15bf92ee07d94acd06ec890a0", size = 1163645, upload-time = "2023-10-03T12:46:27.677Z" },
    { url = "https://files.pythonhosted.org/packages/a5/ac/702d300f3df169b9d0cbef0340d9f34a78bc18dc2dbafbcb39ff0f165cf8/psycopg2_binary-2.9.9-cp311-cp311-macosx_10_9_x86_64.whl", hash = "sha256:ee825e70b1a209475622f7f7b776785bd68f34af6e7a46e2e42f27b659b5bc26", size = 2822581, upload-time = "2023-10-03T12:46:30.64Z" },
    { url = "https://files.pythonhosted.org/packages/7a/1f/a6cf0cdf944253f7c45d90fbc876cc8bed5cc9942349306245715c0d88d6/psycopg2_binary-2.9.9-cp311-cp311-macosx_11_0_arm64.whl", hash = "sha256:1ea665f8ce695bcc37a90ee52de7a7980be5161375d42a0b6c6abedbf0d81f0f", size = 2552633, upload-time = "2023-10-03T12:46:32.808Z" },
    { url = "https://files.pythonhosted.org/packages/81/0b/3adf561107c865928455891156d1dde5325253f7f4316fe56cd2c3f73570/psycopg2_binary-2.9.9-cp311-cp311-manylinux_2_17_aarch64.manylinux2014_aarch64.whl", hash = "sha256:143072318f793f53819048fdfe30c321890af0c3ec7cb1dfc9cc87aa88241de2", size = 2851075, upload-time = "2023-10-03T12:46:35.138Z" },
    { url = "https://files.pythonhosted.org/packages/f7/98/c2fedcbf0a9607519a010dcf88571138b2251062dbde3610cdba5ba1eee1/psycopg2_binary-2.9.9-cp311-cp311-manylinux_2_17_i686.manylinux2014_i686.whl", hash = "sha256:c332c8d69fb64979ebf76613c66b985414927a40f8defa16cf1bc028b7b0a7b0", size = 3080509, upload-time = "2023-10-03T12:46:37.44Z" },
    { url = "https://files.pythonhosted.org/packages/c2/05/81e8bc7fca95574c9323e487d9ce1b58a4cfcc17f89b8fe843af46361211/psycopg2_binary-2.9.9-cp311-cp311-manylinux_2_17_ppc64le.manylinux2014_ppc64le.whl", hash = "sha256:f7fc5a5acafb7d6ccca13bfa8c90f8c51f13d8fb87d95656d3950f0158d3ce53", size = 3264303, upload-time = "2023-10-03T12:46:40.73Z" },
    { url = "https://files.pythonhosted.org/packages/ce/85/62825cabc6aad53104b7b6d12eb2ad74737d268630032d07b74d4444cb72/psycopg2_binary-2.9.9-cp311-cp311-manylinux_2_17_x86_64.manylinux2014_x86_64.whl", hash = "sha256:977646e05232579d2e7b9c59e21dbe5261f403a88417f6a6512e70d3f8a046be", size = 3019515, upload-time = "2023-10-03T12:46:43.038Z" },
    { url = "https://files.pythonhosted.org/packages/e9/b0/9ca2b8e01a0912c9a14234fd5df7a241a1e44778c5797bf4b8eaa8dc3d3a/psycopg2_binary-2.9.9-cp311-cp311-musllinux_1_1_aarch64.whl", hash = "sha256:b6356793b84728d9d50ead16ab43c187673831e9d4019013f1402c41b1db9b27", size = 2355892, upload-time = "2023-10-03T12:46:45.632Z" },
    { url = "https://files.pythonhosted.org/packages/73/17/ba28bb0022db5e2015a82d2df1c4b0d419c37fa07a588b3aff3adc4939f6/psycopg2_binary-2.9.9-cp311-cp311-musllinux_1_1_i686.whl", hash = "sha256:bc7bb56d04601d443f24094e9e31ae6deec9ccb23581f75343feebaf30423359", size = 2534903, upload-time = "2023-10-03T12:46:47.934Z" },
    { url = "https://files.pythonhosted.org/packages/3b/92/b463556409cdc12791cd8b1dae0072bf8efe817ef68b7ea3d9cf7d0e5656/psycopg2_binary-2.9.9-cp311-cp311-musllinux_1_1_ppc64le.whl", hash = "sha256:77853062a2c45be16fd6b8d6de2a99278ee1d985a7bd8b103e97e41c034006d2", size = 2486597, upload-time = "2023-10-03T12:46:50.598Z" },
    { url = "https://files.pythonhosted.org/packages/92/57/96576e07132d7f7a1ac1df939575e6fdd8951aea337ee152b586bb51a971/psycopg2_binary-2.9.9-cp311-cp311-musllinux_1_1_x86_64.whl", hash = "sha256:78151aa3ec21dccd5cdef6c74c3e73386dcdfaf19bced944169697d7ac7482fc", size = 2454908, upload-time = "2023-10-03T12:46:52.903Z" },
    { url = "https://files.pythonhosted.org/packages/7c/ae/cedd56e1f4a2b0e37213283caf3733a875c4c76f3372241e19c0d2a87355/psycopg2_binary-2.9.9-cp311-cp311-win32.whl", hash = "sha256:dc4926288b2a3e9fd7b50dc6a1909a13bbdadfc67d93f3374d984e56f885579d", size = 1024240, upload-time = "2023-10-03T12:46:55.009Z" },
    { url = "https://files.pythonhosted.org/packages/25/1f/7ae31759142999a8d06b3e250c1346c4abcdcada8fa884376775dc1de686/psycopg2_binary-2.9.9-cp311-cp311-win_amd64.whl", hash = "sha256:b76bedd166805480ab069612119ea636f5ab8f8771e640ae103e05a4aae3e417", size = 1163655, upload-time = "2023-10-03T12:46:57.038Z" },
    { url = "https://files.pythonhosted.org/packages/a7/d0/5f2db14e7b53552276ab613399a83f83f85b173a862d3f20580bc7231139/psycopg2_binary-2.9.9-cp312-cp312-macosx_10_9_x86_64.whl", hash = "sha256:8532fd6e6e2dc57bcb3bc90b079c60de896d2128c5d9d6f24a63875a95a088cf", size = 2823784, upload-time = "2023-10-03T12:47:00.404Z" },
    { url = "https://files.pythonhosted.org/packages/18/ca/da384fd47233e300e3e485c90e7aab5d7def896d1281239f75901faf87d4/psycopg2_binary-2.9.9-cp312-cp312-macosx_11_0_arm64.whl", hash = "sha256:b0605eaed3eb239e87df0d5e3c6489daae3f7388d455d0c0b4df899519c6a38d", size = 2553308, upload-time = "2023-11-01T10:40:33.984Z" },
    { url = "https://files.pythonhosted.org/packages/50/66/fa53d2d3d92f6e1ef469d92afc6a4fe3f6e8a9a04b687aa28fb1f1d954ee/psycopg2_binary-2.9.9-cp312-cp312-manylinux_2_17_aarch64.manylinux2014_aarch64.whl", hash = "sha256:8f8544b092a29a6ddd72f3556a9fcf249ec412e10ad28be6a0c0d948924f2212", size = 2851283, upload-time = "2023-10-03T12:47:02.736Z" },
    { url = "https://files.pythonhosted.org/packages/04/37/2429360ac5547378202db14eec0dde76edbe1f6627df5a43c7e164922859/psycopg2_binary-2.9.9-cp312-cp312-manylinux_2_17_i686.manylinux2014_i686.whl", hash = "sha256:2d423c8d8a3c82d08fe8af900ad5b613ce3632a1249fd6a223941d0735fce493", size = 3081839, upload-time = "2023-10-03T12:47:05.027Z" },
    { url = "https://files.pythonhosted.org/packages/62/2a/c0530b59d7e0d09824bc2102ecdcec0456b8ca4d47c0caa82e86fce3ed4c/psycopg2_binary-2.9.9-cp312-cp312-manylinux_2_17_ppc64le.manylinux2014_ppc64le.whl", hash = "sha256:2e5afae772c00980525f6d6ecf7cbca55676296b580c0e6abb407f15f3706996", size = 3264488, upload-time = "2023-10-03T12:47:08.962Z" },
    { url = "https://files.pythonhosted.org/packages/19/57/9f172b900795ea37246c78b5f52e00f4779984370855b3e161600156906d/psycopg2_binary-2.9.9-cp312-cp312-manylinux_2_17_x86_64.manylinux2014_x86_64.whl", hash = "sha256:6e6f98446430fdf41bd36d4faa6cb409f5140c1c2cf58ce0bbdaf16af7d3f119", size = 3020700, upload-time = "2023-10-03T12:47:12.23Z" },
    { url = "https://files.pythonhosted.org/packages/94/68/1176fc14ea76861b7b8360be5176e87fb20d5091b137c76570eb4e237324/psycopg2_binary-2.9.9-cp312-cp312-musllinux_1_1_aarch64.whl", hash = "sha256:c77e3d1862452565875eb31bdb45ac62502feabbd53429fdc39a1cc341d681ba", size = 2355968, upload-time = "2023-10-03T12:47:14.817Z" },
    { url = "https://files.pythonhosted.org/packages/70/bb/aec2646a705a09079d008ce88073401cd61fc9b04f92af3eb282caa3a2ec/psycopg2_binary-2.9.9-cp312-cp312-musllinux_1_1_i686.whl", hash = "sha256:cb16c65dcb648d0a43a2521f2f0a2300f40639f6f8c1ecbc662141e4e3e1ee07", size = 2536101, upload-time = "2023-10-03T12:47:17.454Z" },
    { url = "https://files.pythonhosted.org/packages/14/33/12818c157e333cb9d9e6753d1b2463b6f60dbc1fade115f8e4dc5c52cac4/psycopg2_binary-2.9.9-cp312-cp312-musllinux_1_1_ppc64le.whl", hash = "sha256:911dda9c487075abd54e644ccdf5e5c16773470a6a5d3826fda76699410066fb", size = 2487064, upload-time = "2023-10-03T12:47:20.717Z" },
    { url = "https://files.pythonhosted.org/packages/56/a2/7851c68fe8768f3c9c246198b6356ee3e4a8a7f6820cc798443faada3400/psycopg2_binary-2.9.9-cp312-cp312-musllinux_1_1_x86_64.whl", hash = "sha256:57fede879f08d23c85140a360c6a77709113efd1c993923c59fde17aa27599fe", size = 2456257, upload-time = "2023-10-03T12:47:23.004Z" },
    { url = "https://files.pythonhosted.org/packages/6f/ee/3ba07c6dc7c3294e717e94720da1597aedc82a10b1b180203ce183d4631a/psycopg2_binary-2.9.9-cp312-cp312-win32.whl", hash = "sha256:64cf30263844fa208851ebb13b0732ce674d8ec6a0c86a4e160495d299ba3c93", size = 1024709, upload-time = "2023-10-28T09:37:24.991Z" },
    { url = "https://files.pythonhosted.org/packages/7b/08/9c66c269b0d417a0af9fb969535f0371b8c538633535a7a6a5ca3f9231e2/psycopg2_binary-2.9.9-cp312-cp312-win_amd64.whl", hash = "sha256:81ff62668af011f9a48787564ab7eded4e9fb17a4a6a74af5ffa6a457400d2ab", size = 1163864, upload-time = "2023-10-28T09:37:28.155Z" },
    { url = "https://files.pythonhosted.org/packages/94/62/6f8d281e279a71f20d1670f4de97d116b1d90948eb16c3c41ac305f94a30/psycopg2_binary-2.9.9-cp38-cp38-macosx_10_9_x86_64.whl", hash = "sha256:60989127da422b74a04345096c10d416c2b41bd7bf2a380eb541059e4e999980", size = 2822517, upload-time = "2023-10-03T12:47:51.19Z" },
    { url = "https://files.pythonhosted.org/packages/88/d8/3bbedf39ab90d64d7a6f04e3f3744c74f46f55bd305cc2db3aa12e9c5667/psycopg2_binary-2.9.9-cp38-cp38-macosx_11_0_arm64.whl", hash = "sha256:246b123cc54bb5361588acc54218c8c9fb73068bf227a4a531d8ed56fa3ca7d6", size = 2552729, upload-time = "2023-10-03T12:47:53.323Z" },
    { url = "https://files.pythonhosted.org/packages/24/1b/99b948254604838de668d81cc39a294a987721120c67963e00d47a290f7f/psycopg2_binary-2.9.9-cp38-cp38-manylinux_2_17_aarch64.manylinux2014_aarch64.whl", hash = "sha256:34eccd14566f8fe14b2b95bb13b11572f7c7d5c36da61caf414d23b91fcc5d94", size = 2850949, upload-time = "2023-10-03T12:47:55.522Z" },
    { url = "https://files.pythonhosted.org/packages/5f/e9/115e4f4f86d4aa5c300fdc90ac3d3e74401b4060d782281fe5b47d6c832d/psycopg2_binary-2.9.9-cp38-cp38-manylinux_2_17_i686.manylinux2014_i686.whl", hash = "sha256:18d0ef97766055fec15b5de2c06dd8e7654705ce3e5e5eed3b6651a1d2a9a152", size = 3080624, upload-time = "2023-10-03T12:47:58.837Z" },
    { url = "https://files.pythonhosted.org/packages/24/bf/4856c4985823ef094fc5a52eeb194f038dfbc57921f1d091853efc8e01b4/psycopg2_binary-2.9.9-cp38-cp38-manylinux_2_17_ppc64le.manylinux2014_ppc64le.whl", hash = "sha256:d3f82c171b4ccd83bbaf35aa05e44e690113bd4f3b7b6cc54d2219b132f3ae55", size = 3264449, upload-time = "2023-10-03T12:48:01.739Z" },
    { url = "https://files.pythonhosted.org/packages/19/7a/e806ed82d954b9ec29b62f12ae8929da8910cde5ab7e919ec0983e56672d/psycopg2_binary-2.9.9-cp38-cp38-manylinux_2_17_x86_64.manylinux2014_x86_64.whl", hash = "sha256:ead20f7913a9c1e894aebe47cccf9dc834e1618b7aa96155d2091a626e59c972", size = 3019558, upload-time = "2023-10-03T12:48:04.726Z" },
    { url = "https://files.pythonhosted.org/packages/da/e0/073f50a65093a0bd087aff95754bdd61e8ef24d6ea29f47ea97575d4a784/psycopg2_binary-2.9.9-cp38-cp38-musllinux_1_1_aarch64.whl", hash = "sha256:ca49a8119c6cbd77375ae303b0cfd8c11f011abbbd64601167ecca18a87e7cdd", size = 2355857, upload-time = "2023-10-03T12:48:07.273Z" },
    { url = "https://files.pythonhosted.org/packages/a3/96/3153069df1378d398dcbd6968d4da89735bb63dccbb13a435bc65291c59c/psycopg2_binary-2.9.9-cp38-cp38-musllinux_1_1_i686.whl", hash = "sha256:323ba25b92454adb36fa425dc5cf6f8f19f78948cbad2e7bc6cdf7b0d7982e59", size = 2534862, upload-time = "2023-10-03T12:48:10.139Z" },
    { url = "https://files.pythonhosted.org/packages/dc/d0/512a73da2253c1904366155fd2c7ddf6d4e04a4eb434c90a18af8ce3d24b/psycopg2_binary-2.9.9-cp38-cp38-musllinux_1_1_ppc64le.whl", hash = "sha256:1236ed0952fbd919c100bc839eaa4a39ebc397ed1c08a97fc45fee2a595aa1b3", size = 2486636, upload-time = "2023-10-03T12:48:12.315Z" },
    { url = "https://files.pythonhosted.org/packages/ba/69/e38aeaace3a87dda1c152c039c72181fdcbff0787d5d2466944b663c4a57/psycopg2_binary-2.9.9-cp38-cp38-musllinux_1_1_x86_64.whl", hash = "sha256:729177eaf0aefca0994ce4cffe96ad3c75e377c7b6f4efa59ebf003b6d398716", size = 2454931, upload-time = "2023-10-03T12:48:15.282Z" },
    { url = "https://files.pythonhosted.org/packages/bc/14/76879e83245d8dc72812fb71fb3e710fa7482a05c4b1788b41b22e9fffcc/psycopg2_binary-2.9.9-cp38-cp38-win32.whl", hash = "sha256:804d99b24ad523a1fe18cc707bf741670332f7c7412e9d49cb5eab67e886b9b5", size = 1007154, upload-time = "2023-10-03T12:48:17.331Z" },
    { url = "https://files.pythonhosted.org/packages/48/10/320b014e2fda509dc16409f76815ad0229e4fcec5ed229e64f7f917cc23f/psycopg2_binary-2.9.9-cp38-cp38-win_amd64.whl", hash = "sha256:a6cdcc3ede532f4a4b96000b6362099591ab4a3e913d70bcbac2b56c872446f7", size = 1155784, upload-time = "2023-10-03T12:48:19.417Z" },
    { url = "https://files.pythonhosted.org/packages/82/69/c25f8bd5c189cee89bc00e16b49a84f930b3b4c2cfec953a26c99076a586/psycopg2_binary-2.9.9-cp39-cp39-macosx_10_9_x86_64.whl", hash = "sha256:72dffbd8b4194858d0941062a9766f8297e8868e1dd07a7b36212aaa90f49472", size = 2822507, upload-time = "2023-10-03T12:48:22.008Z" },
    { url = "https://files.pythonhosted.org/packages/3e/06/7d0085889cba209185f1a52d646c4dbdbd9075345f4ca685bacf08d30755/psycopg2_binary-2.9.9-cp39-cp39-macosx_11_0_arm64.whl", hash = "sha256:30dcc86377618a4c8f3b72418df92e77be4254d8f89f14b8e8f57d6d43603c0f", size = 2552664, upload-time = "2023-10-03T12:48:25.049Z" },
    { url = "https://files.pythonhosted.org/packages/68/a2/67732accfffdb6696dc9523f82e91823e8cb1cc311f1c4ce006d2bb85016/psycopg2_binary-2.9.9-cp39-cp39-manylinux_2_17_aarch64.manylinux2014_aarch64.whl", hash = "sha256:31a34c508c003a4347d389a9e6fcc2307cc2150eb516462a7a17512130de109e", size = 2850943, upload-time = "2023-10-03T12:48:27.465Z" },
    { url = "https://files.pythonhosted.org/packages/f0/85/dff2170a1e6748b7068a4523ea9fef8373572c4cd283cffb4802f871a556/psycopg2_binary-2.9.9-cp39-cp39-manylinux_2_17_i686.manylinux2014_i686.whl", hash = "sha256:15208be1c50b99203fe88d15695f22a5bed95ab3f84354c494bcb1d08557df67", size = 3080551, upload-time = "2023-10-03T12:48:30.818Z" },
    { url = "https://files.pythonhosted.org/packages/2e/49/9550febcc90105089bb89881b8cba73db227b9685cfddaae2479791a2379/psycopg2_binary-2.9.9-cp39-cp39-manylinux_2_17_ppc64le.manylinux2014_ppc64le.whl", hash = "sha256:1873aade94b74715be2246321c8650cabf5a0d098a95bab81145ffffa4c13876", size = 3264314, upload-time = "2023-10-03T12:48:33.164Z" },
    { url = "https://files.pythonhosted.org/packages/65/04/d0266fd446cb65384ce5442bc08449fd0b5d3419494574f020275f9e2273/psycopg2_binary-2.9.9-cp39-cp39-manylinux_2_17_x86_64.manylinux2014_x86_64.whl", hash = "sha256:3a58c98a7e9c021f357348867f537017057c2ed7f77337fd914d0bedb35dace7", size = 3019531, upload-time = "2023-10-03T12:48:36.228Z" },
    { url = "https://files.pythonhosted.org/packages/ba/7e/c91f4c1e364444c8f59e82501f600019717f265ae4092057cece02d2d945/psycopg2_binary-2.9.9-cp39-cp39-musllinux_1_1_aarch64.whl", hash = "sha256:4686818798f9194d03c9129a4d9a702d9e113a89cb03bffe08c6cf799e053291", size = 2355811, upload-time = "2023-10-03T12:48:38.458Z" },
    { url = "https://files.pythonhosted.org/packages/6b/ae/05d1e52e8535ef3c73fa327e179d982b903e2c08987fa0e2167842c153a7/psycopg2_binary-2.9.9-cp39-cp39-musllinux_1_1_i686.whl", hash = "sha256:ebdc36bea43063116f0486869652cb2ed7032dbc59fbcb4445c4862b5c1ecf7f", size = 2534818, upload-time = "2023-10-03T12:48:41.349Z" },
    { url = "https://files.pythonhosted.org/packages/cb/bd/e5fb2aa9737e50c0ffb9c3851710055eafedd4c8628c6ef9863bb2e9c434/psycopg2_binary-2.9.9-cp39-cp39-musllinux_1_1_ppc64le.whl", hash = "sha256:ca08decd2697fdea0aea364b370b1249d47336aec935f87b8bbfd7da5b2ee9c1", size = 2486605, upload-time = "2023-10-03T12:48:43.949Z" },
    { url = "https://files.pythonhosted.org/packages/c5/22/0b832bc8a83d8fed74c5a45fbacf4a6e6eb66bcb0cd3836fca9a709f25f4/psycopg2_binary-2.9.9-cp39-cp39-musllinux_1_1_x86_64.whl", hash = "sha256:ac05fb791acf5e1a3e39402641827780fe44d27e72567a000412c648a85ba860", size = 2454908, upload-time = "2023-10-03T12:48:46.611Z" },
    { url = "https://files.pythonhosted.org/packages/0a/b7/3046fd37fdf84c1945741d16fa7536ddcf8576bad6d77ee2891c5255dce3/psycopg2_binary-2.9.9-cp39-cp39-win32.whl", hash = "sha256:9dba73be7305b399924709b91682299794887cbbd88e38226ed9f6712eabee90", size = 1037893, upload-time = "2023-10-03T12:48:48.68Z" },
    { url = "https://files.pythonhosted.org/packages/cb/35/009b43d67a7010b789690a46d49521fd435ce33ce722fe8d7ac7efe35c21/psycopg2_binary-2.9.9-cp39-cp39-win_amd64.whl", hash = "sha256:f7ae5d65ccfbebdfa761585228eb4d0df3a8b15cfb53bd953e713e09fbb12957", size = 1177353, upload-time = "2023-10-03T12:48:50.959Z" },
]

[[package]]
name = "py4j"
version = "0.10.9.7"
source = { registry = "https://pypi.org/simple" }
sdist = { url = "https://files.pythonhosted.org/packages/1e/f2/b34255180c72c36ff7097f7c2cdca02abcbd89f5eebf7c7c41262a9a0637/py4j-0.10.9.7.tar.gz", hash = "sha256:0b6e5315bb3ada5cf62ac651d107bb2ebc02def3dee9d9548e3baac644ea8dbb", size = 1508234, upload-time = "2022-08-12T22:49:09.792Z" }
wheels = [
    { url = "https://files.pythonhosted.org/packages/10/30/a58b32568f1623aaad7db22aa9eafc4c6c194b429ff35bdc55ca2726da47/py4j-0.10.9.7-py2.py3-none-any.whl", hash = "sha256:85defdfd2b2376eb3abf5ca6474b51ab7e0de341c75a02f46dc9b5976f5a5c1b", size = 200481, upload-time = "2022-08-12T22:49:07.05Z" },
]

[[package]]
name = "pyspark"
version = "3.5.2"
source = { registry = "https://pypi.org/simple" }
dependencies = [
    { name = "py4j" },
]
sdist = { url = "https://files.pythonhosted.org/packages/31/12/461c29d25f91c246842fb09e9cfb21ab82a9ab8ea8dd35667cc8b708f715/pyspark-3.5.2.tar.gz", hash = "sha256:bbb36eba09fa24e86e0923d7e7a986041b90c714e11c6aa976f9791fe9edde5e", size = 317276210, upload-time = "2024-08-12T14:57:56.062Z" }

[[package]]
name = "python-dateutil"
version = "2.9.0.post0"
source = { registry = "https://pypi.org/simple" }
dependencies = [
    { name = "six" },
]
sdist = { url = "https://files.pythonhosted.org/packages/66/c0/0c8b6ad9f17a802ee498c46e004a0eb49bc148f2fd230864601a86dcf6db/python-dateutil-2.9.0.post0.tar.gz", hash = "sha256:37dd54208da7e1cd875388217d5e00ebd4179249f90fb72437e91a35459a0ad3", size = 342432, upload-time = "2024-03-01T18:36:20.211Z" }
wheels = [
    { url = "https://files.pythonhosted.org/packages/ec/57/56b9bcc3c9c6a792fcbaf139543cee77261f3651ca9da0c93f5c1221264b/python_dateutil-2.9.0.post0-py2.py3-none-any.whl", hash = "sha256:a8b2bc7bffae282281c8140a97d3aa9c14da0b136dfe83f850eea9a5f7470427", size = 229892, upload-time = "2024-03-01T18:36:18.57Z" },
]

[[package]]
name = "python-dotenv"
version = "1.0.0"
source = { registry = "https://pypi.org/simple" }
sdist = { url = "https://files.pythonhosted.org/packages/31/06/1ef763af20d0572c032fa22882cfbfb005fba6e7300715a37840858c919e/python-dotenv-1.0.0.tar.gz", hash = "sha256:a8df96034aae6d2d50a4ebe8216326c61c3eb64836776504fcca410e5937a3ba", size = 37399, upload-time = "2023-02-24T06:46:37.282Z" }
wheels = [
    { url = "https://files.pythonhosted.org/packages/44/2f/62ea1c8b593f4e093cc1a7768f0d46112107e790c3e478532329e434f00b/python_dotenv-1.0.0-py3-none-any.whl", hash = "sha256:f5971a9226b701070a4bf2c38c89e5a3f0d64de8debda981d1db98583009122a", size = 19482, upload-time = "2023-02-24T06:46:36.009Z" },
]

[[package]]
name = "s3transfer"
version = "0.9.0"
source = { registry = "https://pypi.org/simple" }
dependencies = [
    { name = "botocore" },
]
sdist = { url = "https://files.pythonhosted.org/packages/e4/45/973579466ff4869756f2ba5cc31773d5fc9db67085f722a6b38b8558d70d/s3transfer-0.9.0.tar.gz", hash = "sha256:9e1b186ec8bb5907a1e82b51237091889a9973a2bb799a924bcd9f301ff79d3d", size = 143015, upload-time = "2023-12-13T20:58:13.905Z" }
wheels = [
    { url = "https://files.pythonhosted.org/packages/fd/fb/46eda754e80fa2efd82981e37cd75cabbecef71df63843e6e94e12fae9db/s3transfer-0.9.0-py3-none-any.whl", hash = "sha256:01d4d2c35a016db8cb14f9a4d5e84c1f8c96e7ffc211422555eed45c11fa7eb1", size = 82033, upload-time = "2023-12-13T20:58:11.121Z" },
]

[[package]]
name = "six"
version = "1.17.0"
source = { registry = "https://pypi.org/simple" }
sdist = { url = "https://files.pythonhosted.org/packages/94/e7/b2c673351809dca68a0e064b6af791aa332cf192da575fd474ed7d6f16a2/six-1.17.0.tar.gz", hash = "sha256:ff70335d468e7eb6ec65b95b99d3a2836546063f63acc5171de367e834932a81", size = 34031, upload-time = "2024-12-04T17:35:28.174Z" }
wheels = [
    { url = "https://files.pythonhosted.org/packages/b7/ce/149a00dd41f10bc29e5921b496af8b574d8413afcd5e30dfa0ed46c2cc5e/six-1.17.0-py2.py3-none-any.whl", hash = "sha256:4721f391ed90541fddacab5acf947aa0d3dc7d27b2e1e8eda2be8970586c3274", size = 11050, upload-time = "2024-12-04T17:35:26.475Z" },
]

[[package]]
name = "urllib3"
version = "1.26.20"
source = { registry = "https://pypi.org/simple" }
resolution-markers = [
    "python_full_version == '3.9.*'",
    "python_full_version < '3.9'",
]
sdist = { url = "https://files.pythonhosted.org/packages/e4/e8/6ff5e6bc22095cfc59b6ea711b687e2b7ed4bdb373f7eeec370a97d7392f/urllib3-1.26.20.tar.gz", hash = "sha256:40c2dc0c681e47eb8f90e7e27bf6ff7df2e677421fd46756da1161c39ca70d32", size = 307380, upload-time = "2024-08-29T15:43:11.37Z" }
wheels = [
    { url = "https://files.pythonhosted.org/packages/33/cf/8435d5a7159e2a9c83a95896ed596f68cf798005fe107cc655b5c5c14704/urllib3-1.26.20-py2.py3-none-any.whl", hash = "sha256:0ed14ccfbf1c30a9072c7ca157e4319b70d65f623e91e7b32fadb2853431016e", size = 144225, upload-time = "2024-08-29T15:43:08.921Z" },
]

[[package]]
name = "urllib3"
version = "2.6.2"
source = { registry = "https://pypi.org/simple" }
resolution-markers = [
    "python_full_version >= '3.10'",
]
sdist = { url = "https://files.pythonhosted.org/packages/1e/24/a2a2ed9addd907787d7aa0355ba36a6cadf1768b934c652ea78acbd59dcd/urllib3-2.6.2.tar.gz", hash = "sha256:016f9c98bb7e98085cb2b4b17b87d2c702975664e4f060c6532e64d1c1a5e797", size = 432930, upload-time = "2025-12-11T15:56:40.252Z" }
wheels = [
    { url = "https://files.pythonhosted.org/packages/6d/b9/4095b668ea3678bf6a0af005527f39de12fb026516fb3df17495a733b7f8/urllib3-2.6.2-py3-none-any.whl", hash = "sha256:ec21cddfe7724fc7cb4ba4bea7aa8e2ef36f607a4bab81aa6ce42a13dc3f03dd", size = 131182, upload-time = "2025-12-11T15:56:38.584Z" },
]

[[package]]
name = "zipp"
version = "3.20.2"
source = { registry = "https://pypi.org/simple" }
resolution-markers = [
    "python_full_version < '3.9'",
]
sdist = { url = "https://files.pythonhosted.org/packages/54/bf/5c0000c44ebc80123ecbdddba1f5dcd94a5ada602a9c225d84b5aaa55e86/zipp-3.20.2.tar.gz", hash = "sha256:bc9eb26f4506fda01b81bcde0ca78103b6e62f991b381fec825435c836edbc29", size = 24199, upload-time = "2024-09-13T13:44:16.101Z" }
wheels = [
    { url = "https://files.pythonhosted.org/packages/62/8b/5ba542fa83c90e09eac972fc9baca7a88e7e7ca4b221a89251954019308b/zipp-3.20.2-py3-none-any.whl", hash = "sha256:a817ac80d6cf4b23bf7f2828b7cabf326f15a001bea8b1f9b49631780ba28350", size = 9200, upload-time = "2024-09-13T13:44:14.38Z" },
]

[[package]]
name = "zipp"
version = "3.23.0"
source = { registry = "https://pypi.org/simple" }
resolution-markers = [
    "python_full_version >= '3.10'",
    "python_full_version == '3.9.*'",
]
sdist = { url = "https://files.pythonhosted.org/packages/e3/02/0f2892c661036d50ede074e376733dca2ae7c6eb617489437771209d4180/zipp-3.23.0.tar.gz", hash = "sha256:a07157588a12518c9d4034df3fbbee09c814741a33ff63c05fa29d26a2404166", size = 25547, upload-time = "2025-06-08T17:06:39.4Z" }
wheels = [
    { url = "https://files.pythonhosted.org/packages/2e/54/647ade08bf0db230bfea292f893923872fd20be6ac6f53b2b936ba839d75/zipp-3.23.0-py3-none-any.whl", hash = "sha256:071652d6115ed432f5ce1d34c336c0adfd6a884660d1e9712a256d3d3bd4b14e", size = 10276, upload-time = "2025-06-08T17:06:38.034Z" },
]
